// !$*UTF8*$!
{
	archiveVersion = 1;
	classes = {
	};
	objectVersion = 46;
	objects = {

/* Begin PBXBuildFile section */
		E9FB2E001C8F41CD006FEB4B /* main.m in Sources */ = {isa = PBXBuildFile; fileRef = E9FB2DFF1C8F41CD006FEB4B /* main.m */; };
		E9FB2E031C8F41CD006FEB4B /* AppDelegate.m in Sources */ = {isa = PBXBuildFile; fileRef = E9FB2E021C8F41CD006FEB4B /* AppDelegate.m */; };
		E9FB2E061C8F41CD006FEB4B /* ViewController.m in Sources */ = {isa = PBXBuildFile; fileRef = E9FB2E051C8F41CD006FEB4B /* ViewController.m */; };
		E9FB2E091C8F41CD006FEB4B /* Main.storyboard in Resources */ = {isa = PBXBuildFile; fileRef = E9FB2E071C8F41CD006FEB4B /* Main.storyboard */; };
		E9FB2E0B1C8F41CD006FEB4B /* Assets.xcassets in Resources */ = {isa = PBXBuildFile; fileRef = E9FB2E0A1C8F41CD006FEB4B /* Assets.xcassets */; };
		E9FB2E0E1C8F41CD006FEB4B /* LaunchScreen.storyboard in Resources */ = {isa = PBXBuildFile; fileRef = E9FB2E0C1C8F41CD006FEB4B /* LaunchScreen.storyboard */; };
		E9FB2E181C8F47B1006FEB4B /* Item.m in Sources */ = {isa = PBXBuildFile; fileRef = E9FB2E171C8F47B1006FEB4B /* Item.m */; };
/* End PBXBuildFile section */

/* Begin PBXFileReference section */
		E9FB2DFB1C8F41CD006FEB4B /* GroceryList.app */ = {isa = PBXFileReference; explicitFileType = wrapper.application; includeInIndex = 0; path = GroceryList.app; sourceTree = BUILT_PRODUCTS_DIR; };
		E9FB2DFF1C8F41CD006FEB4B /* main.m */ = {isa = PBXFileReference; lastKnownFileType = sourcecode.c.objc; path = main.m; sourceTree = "<group>"; };
		E9FB2E011C8F41CD006FEB4B /* AppDelegate.h */ = {isa = PBXFileReference; lastKnownFileType = sourcecode.c.h; path = AppDelegate.h; sourceTree = "<group>"; };
		E9FB2E021C8F41CD006FEB4B /* AppDelegate.m */ = {isa = PBXFileReference; lastKnownFileType = sourcecode.c.objc; path = AppDelegate.m; sourceTree = "<group>"; };
		E9FB2E041C8F41CD006FEB4B /* ViewController.h */ = {isa = PBXFileReference; lastKnownFileType = sourcecode.c.h; path = ViewController.h; sourceTree = "<group>"; };
		E9FB2E051C8F41CD006FEB4B /* ViewController.m */ = {isa = PBXFileReference; lastKnownFileType = sourcecode.c.objc; path = ViewController.m; sourceTree = "<group>"; };
		E9FB2E081C8F41CD006FEB4B /* Base */ = {isa = PBXFileReference; lastKnownFileType = file.storyboard; name = Base; path = Base.lproj/Main.storyboard; sourceTree = "<group>"; };
		E9FB2E0A1C8F41CD006FEB4B /* Assets.xcassets */ = {isa = PBXFileReference; lastKnownFileType = folder.assetcatalog; path = Assets.xcassets; sourceTree = "<group>"; };
		E9FB2E0D1C8F41CD006FEB4B /* Base */ = {isa = PBXFileReference; lastKnownFileType = file.storyboard; name = Base; path = Base.lproj/LaunchScreen.storyboard; sourceTree = "<group>"; };
		E9FB2E0F1C8F41CD006FEB4B /* Info.plist */ = {isa = PBXFileReference; lastKnownFileType = text.plist.xml; path = Info.plist; sourceTree = "<group>"; };
		E9FB2E161C8F47B1006FEB4B /* Item.h */ = {isa = PBXFileReference; fileEncoding = 4; lastKnownFileType = sourcecode.c.h; path = Item.h; sourceTree = "<group>"; };
		E9FB2E171C8F47B1006FEB4B /* Item.m */ = {isa = PBXFileReference; fileEncoding = 4; lastKnownFileType = sourcecode.c.objc; path = Item.m; sourceTree = "<group>"; };
/* End PBXFileReference section */

/* Begin PBXFrameworksBuildPhase section */
		E9FB2DF81C8F41CC006FEB4B /* Frameworks */ = {
			isa = PBXFrameworksBuildPhase;
			buildActionMask = 2147483647;
			files = (
			);
			runOnlyForDeploymentPostprocessing = 0;
		};
/* End PBXFrameworksBuildPhase section */

/* Begin PBXGroup section */
		E9FB2DF21C8F41CC006FEB4B = {
			isa = PBXGroup;
			children = (
				E9FB2DFD1C8F41CD006FEB4B /* GroceryList */,
				E9FB2DFC1C8F41CD006FEB4B /* Products */,
			);
			sourceTree = "<group>";
		};
		E9FB2DFC1C8F41CD006FEB4B /* Products */ = {
			isa = PBXGroup;
			children = (
				E9FB2DFB1C8F41CD006FEB4B /* GroceryList.app */,
			);
			name = Products;
			sourceTree = "<group>";
		};
		E9FB2DFD1C8F41CD006FEB4B /* GroceryList */ = {
			isa = PBXGroup;
			children = (
				E9FB2E1B1C8F47E6006FEB4B /* Controller */,
				E9FB2E1A1C8F47E2006FEB4B /* View */,
				E9FB2E191C8F47DD006FEB4B /* Model */,
				E9FB2E1C1C8F4800006FEB4B /* App Delegate */,
				E9FB2E0A1C8F41CD006FEB4B /* Assets.xcassets */,
				E9FB2E0F1C8F41CD006FEB4B /* Info.plist */,
				E9FB2DFE1C8F41CD006FEB4B /* Supporting Files */,
			);
			path = GroceryList;
			sourceTree = "<group>";
		};
		E9FB2DFE1C8F41CD006FEB4B /* Supporting Files */ = {
			isa = PBXGroup;
			children = (
				E9FB2DFF1C8F41CD006FEB4B /* main.m */,
			);
			name = "Supporting Files";
			sourceTree = "<group>";
		};
		E9FB2E151C8F47A5006FEB4B /* Item */ = {
			isa = PBXGroup;
			children = (
				E9FB2E161C8F47B1006FEB4B /* Item.h */,
				E9FB2E171C8F47B1006FEB4B /* Item.m */,
			);
			name = Item;
			sourceTree = "<group>";
		};
		E9FB2E191C8F47DD006FEB4B /* Model */ = {
			isa = PBXGroup;
			children = (
				E9FB2E151C8F47A5006FEB4B /* Item */,
			);
			name = Model;
			sourceTree = "<group>";
		};
		E9FB2E1A1C8F47E2006FEB4B /* View */ = {
			isa = PBXGroup;
			children = (
				E9FB2E0C1C8F41CD006FEB4B /* LaunchScreen.storyboard */,
				E9FB2E071C8F41CD006FEB4B /* Main.storyboard */,
			);
			name = View;
			sourceTree = "<group>";
		};
		E9FB2E1B1C8F47E6006FEB4B /* Controller */ = {
			isa = PBXGroup;
			children = (
				E9FB2E041C8F41CD006FEB4B /* ViewController.h */,
				E9FB2E051C8F41CD006FEB4B /* ViewController.m */,
			);
			name = Controller;
			sourceTree = "<group>";
		};
		E9FB2E1C1C8F4800006FEB4B /* App Delegate */ = {
			isa = PBXGroup;
			children = (
				E9FB2E011C8F41CD006FEB4B /* AppDelegate.h */,
				E9FB2E021C8F41CD006FEB4B /* AppDelegate.m */,
			);
			name = "App Delegate";
			sourceTree = "<group>";
		};
/* End PBXGroup section */

/* Begin PBXNativeTarget section */
		E9FB2DFA1C8F41CC006FEB4B /* GroceryList */ = {
			isa = PBXNativeTarget;
			buildConfigurationList = E9FB2E121C8F41CD006FEB4B /* Build configuration list for PBXNativeTarget "GroceryList" */;
			buildPhases = (
				E9FB2DF71C8F41CC006FEB4B /* Sources */,
				E9FB2DF81C8F41CC006FEB4B /* Frameworks */,
				E9FB2DF91C8F41CC006FEB4B /* Resources */,
			);
			buildRules = (
			);
			dependencies = (
			);
			name = GroceryList;
			productName = GroceryList;
			productReference = E9FB2DFB1C8F41CD006FEB4B /* GroceryList.app */;
			productType = "com.apple.product-type.application";
		};
/* End PBXNativeTarget section */

/* Begin PBXProject section */
		E9FB2DF31C8F41CC006FEB4B /* Project object */ = {
			isa = PBXProject;
			attributes = {
				LastUpgradeCheck = 0720;
				ORGANIZATIONNAME = CodeLab;
				TargetAttributes = {
					E9FB2DFA1C8F41CC006FEB4B = {
						CreatedOnToolsVersion = 7.2.1;
					};
				};
			};
			buildConfigurationList = E9FB2DF61C8F41CC006FEB4B /* Build configuration list for PBXProject "GroceryList" */;
			compatibilityVersion = "Xcode 3.2";
			developmentRegion = English;
			hasScannedForEncodings = 0;
			knownRegions = (
				en,
				Base,
			);
			mainGroup = E9FB2DF21C8F41CC006FEB4B;
			productRefGroup = E9FB2DFC1C8F41CD006FEB4B /* Products */;
			projectDirPath = "";
			projectRoot = "";
			targets = (
				E9FB2DFA1C8F41CC006FEB4B /* GroceryList */,
			);
		};
/* End PBXProject section */

/* Begin PBXResourcesBuildPhase section */
		E9FB2DF91C8F41CC006FEB4B /* Resources */ = {
			isa = PBXResourcesBuildPhase;
			buildActionMask = 2147483647;
			files = (
				E9FB2E0E1C8F41CD006FEB4B /* LaunchScreen.storyboard in Resources */,
				E9FB2E0B1C8F41CD006FEB4B /* Assets.xcassets in Resources */,
				E9FB2E091C8F41CD006FEB4B /* Main.storyboard in Resources */,
			);
			runOnlyForDeploymentPostprocessing = 0;
		};
/* End PBXResourcesBuildPhase section */

/* Begin PBXSourcesBuildPhase section */
		E9FB2DF71C8F41CC006FEB4B /* Sources */ = {
			isa = PBXSourcesBuildPhase;
			buildActionMask = 2147483647;
			files = (
				E9FB2E181C8F47B1006FEB4B /* Item.m in Sources */,
				E9FB2E061C8F41CD006FEB4B /* ViewController.m in Sources */,
				E9FB2E031C8F41CD006FEB4B /* AppDelegate.m in Sources */,
				E9FB2E001C8F41CD006FEB4B /* main.m in Sources */,
			);
			runOnlyForDeploymentPostprocessing = 0;
		};
/* End PBXSourcesBuildPhase section */

/* Begin PBXVariantGroup section */
		E9FB2E071C8F41CD006FEB4B /* Main.storyboard */ = {
			isa = PBXVariantGroup;
			children = (
				E9FB2E081C8F41CD006FEB4B /* Base */,
			);
			name = Main.storyboard;
			sourceTree = "<group>";
		};
		E9FB2E0C1C8F41CD006FEB4B /* LaunchScreen.storyboard */ = {
			isa = PBXVariantGroup;
			children = (
				E9FB2E0D1C8F41CD006FEB4B /* Base */,
			);
			name = LaunchScreen.storyboard;
			sourceTree = "<group>";
		};
/* End PBXVariantGroup section */

/* Begin XCBuildConfiguration section */
		E9FB2E101C8F41CD006FEB4B /* Debug */ = {
			isa = XCBuildConfiguration;
			buildSettings = {
				ALWAYS_SEARCH_USER_PATHS = NO;
				CLANG_CXX_LANGUAGE_STANDARD = "gnu++0x";
				CLANG_CXX_LIBRARY = "libc++";
				CLANG_ENABLE_MODULES = YES;
				CLANG_ENABLE_OBJC_ARC = YES;
				CLANG_WARN_BOOL_CONVERSION = YES;
				CLANG_WARN_CONSTANT_CONVERSION = YES;
				CLANG_WARN_DIRECT_OBJC_ISA_USAGE = YES_ERROR;
				CLANG_WARN_EMPTY_BODY = YES;
				CLANG_WARN_ENUM_CONVERSION = YES;
				CLANG_WARN_INT_CONVERSION = YES;
				CLANG_WARN_OBJC_ROOT_CLASS = YES_ERROR;
				CLANG_WARN_UNREACHABLE_CODE = YES;
				CLANG_WARN__DUPLICATE_METHOD_MATCH = YES;
				"CODE_SIGN_IDENTITY[sdk=iphoneos*]" = "iPhone Developer";
				COPY_PHASE_STRIP = NO;
				DEBUG_INFORMATION_FORMAT = dwarf;
				ENABLE_STRICT_OBJC_MSGSEND = YES;
				ENABLE_TESTABILITY = YES;
				GCC_C_LANGUAGE_STANDARD = gnu99;
				GCC_DYNAMIC_NO_PIC = NO;
				GCC_NO_COMMON_BLOCKS = YES;
				GCC_OPTIMIZATION_LEVEL = 0;
				GCC_PREPROCESSOR_DEFINITIONS = (
					"DEBUG=1",
					"$(inherited)",
				);
				GCC_WARN_64_TO_32_BIT_CONVERSION = YES;
				GCC_WARN_ABOUT_RETURN_TYPE = YES_ERROR;
				GCC_WARN_UNDECLARED_SELECTOR = YES;
				GCC_WARN_UNINITIALIZED_AUTOS = YES_AGGRESSIVE;
				GCC_WARN_UNUSED_FUNCTION = YES;
				GCC_WARN_UNUSED_VARIABLE = YES;
				IPHONEOS_DEPLOYMENT_TARGET = 9.2;
				MTL_ENABLE_DEBUG_INFO = YES;
				ONLY_ACTIVE_ARCH = YES;
				SDKROOT = iphoneos;
			};
			name = Debug;
		};
		E9FB2E111C8F41CD006FEB4B /* Release */ = {
			isa = XCBuildConfiguration;
			buildSettings = {
				ALWAYS_SEARCH_USER_PATHS = NO;
				CLANG_CXX_LANGUAGE_STANDARD = "gnu++0x";
				CLANG_CXX_LIBRARY = "libc++";
				CLANG_ENABLE_MODULES = YES;
				CLANG_ENABLE_OBJC_ARC = YES;
				CLANG_WARN_BOOL_CONVERSION = YES;
				CLANG_WARN_CONSTANT_CONVERSION = YES;
				CLANG_WARN_DIRECT_OBJC_ISA_USAGE = YES_ERROR;
				CLANG_WARN_EMPTY_BODY = YES;
				CLANG_WARN_ENUM_CONVERSION = YES;
				CLANG_WARN_INT_CONVERSION = YES;
				CLANG_WARN_OBJC_ROOT_CLASS = YES_ERROR;
				CLANG_WARN_UNREACHABLE_CODE = YES;
				CLANG_WARN__DUPLICATE_METHOD_MATCH = YES;
				"CODE_SIGN_IDENTITY[sdk=iphoneos*]" = "iPhone Developer";
				COPY_PHASE_STRIP = NO;
				DEBUG_INFORMATION_FORMAT = "dwarf-with-dsym";
				ENABLE_NS_ASSERTIONS = NO;
				ENABLE_STRICT_OBJC_MSGSEND = YES;
				GCC_C_LANGUAGE_STANDARD = gnu99;
				GCC_NO_COMMON_BLOCKS = YES;
				GCC_WARN_64_TO_32_BIT_CONVERSION = YES;
				GCC_WARN_ABOUT_RETURN_TYPE = YES_ERROR;
				GCC_WARN_UNDECLARED_SELECTOR = YES;
				GCC_WARN_UNINITIALIZED_AUTOS = YES_AGGRESSIVE;
				GCC_WARN_UNUSED_FUNCTION = YES;
				GCC_WARN_UNUSED_VARIABLE = YES;
				IPHONEOS_DEPLOYMENT_TARGET = 9.2;
				MTL_ENABLE_DEBUG_INFO = NO;
				SDKROOT = iphoneos;
				VALIDATE_PRODUCT = YES;
			};
			name = Release;
		};
		E9FB2E131C8F41CD006FEB4B /* Debug */ = {
			isa = XCBuildConfiguration;
			buildSettings = {
				ASSETCATALOG_COMPILER_APPICON_NAME = AppIcon;
				INFOPLIST_FILE = GroceryList/Info.plist;
				LD_RUNPATH_SEARCH_PATHS = "$(inherited) @executable_path/Frameworks";
				PRODUCT_BUNDLE_IDENTIFIER = CodeLab.GroceryList;
				PRODUCT_NAME = "$(TARGET_NAME)";
			};
			name = Debug;
		};
		E9FB2E141C8F41CD006FEB4B /* Release */ = {
			isa = XCBuildConfiguration;
			buildSettings = {
				ASSETCATALOG_COMPILER_APPICON_NAME = AppIcon;
				INFOPLIST_FILE = GroceryList/Info.plist;
				LD_RUNPATH_SEARCH_PATHS = "$(inherited) @executable_path/Frameworks";
				PRODUCT_BUNDLE_IDENTIFIER = CodeLab.GroceryList;
				PRODUCT_NAME = "$(TARGET_NAME)";
			};
			name = Release;
		};
/* End XCBuildConfiguration section */

/* Begin XCConfigurationList section */
		E9FB2DF61C8F41CC006FEB4B /* Build configuration list for PBXProject "GroceryList" */ = {
			isa = XCConfigurationList;
			buildConfigurations = (
				E9FB2E101C8F41CD006FEB4B /* Debug */,
				E9FB2E111C8F41CD006FEB4B /* Release */,
			);
			defaultConfigurationIsVisible = 0;
			defaultConfigurationName = Release;
		};
		E9FB2E121C8F41CD006FEB4B /* Build configuration list for PBXNativeTarget "GroceryList" */ = {
			isa = XCConfigurationList;
			buildConfigurations = (
				E9FB2E131C8F41CD006FEB4B /* Debug */,
				E9FB2E141C8F41CD006FEB4B /* Release */,
			);
			defaultConfigurationIsVisible = 0;
		};
/* End XCConfigurationList section */
	};
	rootObject = E9FB2DF31C8F41CC006FEB4B /* Project object */;
}
